// !$*UTF8*$!
{
	archiveVersion = 1;
	classes = {
	};
	objectVersion = 46;
	objects = {

/* Begin PBXBuildFile section */
		6C1FFA771D3987090022D553 /* heroImages.atlas in Resources */ = {isa = PBXBuildFile; fileRef = 6C1FFA761D3987090022D553 /* heroImages.atlas */; };
		6C1FFA791D3988900022D553 /* villainThrowing.atlas in Resources */ = {isa = PBXBuildFile; fileRef = 6C1FFA781D3988900022D553 /* villainThrowing.atlas */; };
		6C1FFA7F1D3AB5220022D553 /* villainFalling.atlas  in Resources */ = {isa = PBXBuildFile; fileRef = 6C1FFA7E1D3AB5220022D553 /* villainFalling.atlas  */; };
		6C233D4A1D2ECE3F00140E28 /* AppDelegate.swift in Sources */ = {isa = PBXBuildFile; fileRef = 6C233D491D2ECE3F00140E28 /* AppDelegate.swift */; };
		6C233D4C1D2ECE3F00140E28 /* GameScene.sks in Resources */ = {isa = PBXBuildFile; fileRef = 6C233D4B1D2ECE3F00140E28 /* GameScene.sks */; };
		6C233D4E1D2ECE3F00140E28 /* GameScene.swift in Sources */ = {isa = PBXBuildFile; fileRef = 6C233D4D1D2ECE3F00140E28 /* GameScene.swift */; };
		6C233D501D2ECE3F00140E28 /* GameViewController.swift in Sources */ = {isa = PBXBuildFile; fileRef = 6C233D4F1D2ECE3F00140E28 /* GameViewController.swift */; };
		6C233D531D2ECE3F00140E28 /* Main.storyboard in Resources */ = {isa = PBXBuildFile; fileRef = 6C233D511D2ECE3F00140E28 /* Main.storyboard */; };
		6C233D551D2ECE3F00140E28 /* Assets.xcassets in Resources */ = {isa = PBXBuildFile; fileRef = 6C233D541D2ECE3F00140E28 /* Assets.xcassets */; };
		6C233D581D2ECE3F00140E28 /* LaunchScreen.storyboard in Resources */ = {isa = PBXBuildFile; fileRef = 6C233D561D2ECE3F00140E28 /* LaunchScreen.storyboard */; };
		6C233D631D2ECE3F00140E28 /* CarGameTests.swift in Sources */ = {isa = PBXBuildFile; fileRef = 6C233D621D2ECE3F00140E28 /* CarGameTests.swift */; };
		6C233D6E1D2ECE3F00140E28 /* CarGameUITests.swift in Sources */ = {isa = PBXBuildFile; fileRef = 6C233D6D1D2ECE3F00140E28 /* CarGameUITests.swift */; };
		6C28C4061D2F0C6A00113ECC /* Star.png in Resources */ = {isa = PBXBuildFile; fileRef = 6C28C4051D2F0C6A00113ECC /* Star.png */; };
		6C28C4081D2F0C7300113ECC /* TapToStart.png in Resources */ = {isa = PBXBuildFile; fileRef = 6C28C4071D2F0C7300113ECC /* TapToStart.png */; };
		6C28C40A1D2F177B00113ECC /* GameObjectNode.swift in Sources */ = {isa = PBXBuildFile; fileRef = 6C28C4091D2F177B00113ECC /* GameObjectNode.swift */; };
		6C2E8D131D36AA0E00B8B011 /* dungeon.atlas in Resources */ = {isa = PBXBuildFile; fileRef = 6C2E8D121D36AA0E00B8B011 /* dungeon.atlas */; };
		6C2EFB8E1D394EC6004546A3 /* sky.png in Resources */ = {isa = PBXBuildFile; fileRef = 6C2EFB8D1D394EC6004546A3 /* sky.png */; };
		6C2EFB901D394FE7004546A3 /* outsideDungeon.png in Resources */ = {isa = PBXBuildFile; fileRef = 6C2EFB8F1D394FE7004546A3 /* outsideDungeon.png */; };
		6C2EFB941D3955DE004546A3 /* outside.png in Resources */ = {isa = PBXBuildFile; fileRef = 6C2EFB931D3955DE004546A3 /* outside.png */; };
		6C3E7F901D3033AD000B8BE1 /* three.png in Resources */ = {isa = PBXBuildFile; fileRef = 6C3E7F8F1D3033AD000B8BE1 /* three.png */; };
		6C3E7F981D30478C000B8BE1 /* StarPing.wav in Resources */ = {isa = PBXBuildFile; fileRef = 6C3E7F971D30478C000B8BE1 /* StarPing.wav */; };
		6C8D57ED1D2ED1C1002C99F5 /* GameState.swift in Sources */ = {isa = PBXBuildFile; fileRef = 6C8D57EC1D2ED1C1002C99F5 /* GameState.swift */; };
		6C8D57EF1D2ED1F2002C99F5 /* WhiteBlock.jpeg in Resources */ = {isa = PBXBuildFile; fileRef = 6C8D57EE1D2ED1F2002C99F5 /* WhiteBlock.jpeg */; };
		6C8D57F11D2ED1F7002C99F5 /* DownnArrow.png in Resources */ = {isa = PBXBuildFile; fileRef = 6C8D57F01D2ED1F6002C99F5 /* DownnArrow.png */; };
		6C8D57F31D2ED1FB002C99F5 /* RightArrow.png in Resources */ = {isa = PBXBuildFile; fileRef = 6C8D57F21D2ED1FB002C99F5 /* RightArrow.png */; };
		6C8D57F51D2ED200002C99F5 /* UpArrow.png in Resources */ = {isa = PBXBuildFile; fileRef = 6C8D57F41D2ED200002C99F5 /* UpArrow.png */; };
		6C8D57F71D2ED208002C99F5 /* Street.txt in Resources */ = {isa = PBXBuildFile; fileRef = 6C8D57F61D2ED208002C99F5 /* Street.txt */; };
		6C8D57F91D2ED20E002C99F5 /* RedCar.png in Resources */ = {isa = PBXBuildFile; fileRef = 6C8D57F81D2ED20E002C99F5 /* RedCar.png */; };
		6CAF06E41D36C87000BD9404 /* SpeechBubble.png in Resources */ = {isa = PBXBuildFile; fileRef = 6CAF06E31D36C87000BD9404 /* SpeechBubble.png */; };
		6CAF06E61D36E1C900BD9404 /* NextScene.swift in Sources */ = {isa = PBXBuildFile; fileRef = 6CAF06E51D36E1C900BD9404 /* NextScene.swift */; };
		6CAF06E81D36E4F800BD9404 /* road.png in Resources */ = {isa = PBXBuildFile; fileRef = 6CAF06E71D36E4F800BD9404 /* road.png */; };
		6CAF06EA1D36E63300BD9404 /* drivingcar.png in Resources */ = {isa = PBXBuildFile; fileRef = 6CAF06E91D36E63300BD9404 /* drivingcar.png */; };
		6CAF06EC1D36E87600BD9404 /* car123.png in Resources */ = {isa = PBXBuildFile; fileRef = 6CAF06EB1D36E87600BD9404 /* car123.png */; };
		6CAF06EE1D36F0A400BD9404 /* bubble.png in Resources */ = {isa = PBXBuildFile; fileRef = 6CAF06ED1D36F0A400BD9404 /* bubble.png */; };
		6CD398F81D32FEAE00110EDB /* EndGameScene.swift in Sources */ = {isa = PBXBuildFile; fileRef = 6CD398F71D32FEAE00110EDB /* EndGameScene.swift */; };
		6CDD29A71D35604A009D375F /* Hallway.jpg in Resources */ = {isa = PBXBuildFile; fileRef = 6CDD29A61D35604A009D375F /* Hallway.jpg */; };
		6CDD29A91D356053009D375F /* Villain.png in Resources */ = {isa = PBXBuildFile; fileRef = 6CDD29A81D356053009D375F /* Villain.png */; };
		6CDD29AD1D35606B009D375F /* Hallway2.jpg in Resources */ = {isa = PBXBuildFile; fileRef = 6CDD29AC1D35606B009D375F /* Hallway2.jpg */; };
		6CDD29AF1D356074009D375F /* WindowHallway.jpg in Resources */ = {isa = PBXBuildFile; fileRef = 6CDD29AE1D356074009D375F /* WindowHallway.jpg */; };
		6CDD51A71D36B38200B231B8 /* playerImages.atlas in Resources */ = {isa = PBXBuildFile; fileRef = 6CDD51A61D36B38200B231B8 /* playerImages.atlas */; };
		6CE4F8F51D37024C00649092 /* NextScene1.swift in Sources */ = {isa = PBXBuildFile; fileRef = 6CE4F8F41D37024C00649092 /* NextScene1.swift */; };
		6CE4F8F71D3705A400649092 /* two.png in Resources */ = {isa = PBXBuildFile; fileRef = 6CE4F8F61D3705A400649092 /* two.png */; };
		6CE4F8F91D3705EF00649092 /* one.png in Resources */ = {isa = PBXBuildFile; fileRef = 6CE4F8F81D3705EF00649092 /* one.png */; };
		6CE4F8FB1D37063300649092 /* four.png in Resources */ = {isa = PBXBuildFile; fileRef = 6CE4F8FA1D37063300649092 /* four.png */; };
		6CE4F8FD1D37065A00649092 /* five.png in Resources */ = {isa = PBXBuildFile; fileRef = 6CE4F8FC1D37065A00649092 /* five.png */; };
		6CE4F9011D37099100649092 /* CongratulationsScene.swift in Sources */ = {isa = PBXBuildFile; fileRef = 6CE4F9001D37099100649092 /* CongratulationsScene.swift */; };
		6CF165981D3446E900E79A32 /* AnimationScene.swift in Sources */ = {isa = PBXBuildFile; fileRef = 6CF165971D3446E900E79A32 /* AnimationScene.swift */; };
/* End PBXBuildFile section */

/* Begin PBXContainerItemProxy section */
		6C233D5F1D2ECE3F00140E28 /* PBXContainerItemProxy */ = {
			isa = PBXContainerItemProxy;
			containerPortal = 6C233D3E1D2ECE3F00140E28 /* Project object */;
			proxyType = 1;
			remoteGlobalIDString = 6C233D451D2ECE3F00140E28;
			remoteInfo = CarGame;
		};
		6C233D6A1D2ECE3F00140E28 /* PBXContainerItemProxy */ = {
			isa = PBXContainerItemProxy;
			containerPortal = 6C233D3E1D2ECE3F00140E28 /* Project object */;
			proxyType = 1;
			remoteGlobalIDString = 6C233D451D2ECE3F00140E28;
			remoteInfo = CarGame;
		};
/* End PBXContainerItemProxy section */

/* Begin PBXFileReference section */
		6C1FFA761D3987090022D553 /* heroImages.atlas */ = {isa = PBXFileReference; lastKnownFileType = folder.skatlas; path = heroImages.atlas; sourceTree = "<group>"; };
		6C1FFA781D3988900022D553 /* villainThrowing.atlas */ = {isa = PBXFileReference; lastKnownFileType = folder.skatlas; path = villainThrowing.atlas; sourceTree = "<group>"; };
		6C1FFA7E1D3AB5220022D553 /* villainFalling.atlas  */ = {isa = PBXFileReference; lastKnownFileType = folder; path = "villainFalling.atlas "; sourceTree = "<group>"; };
		6C233D461D2ECE3F00140E28 /* CarGame.app */ = {isa = PBXFileReference; explicitFileType = wrapper.application; includeInIndex = 0; path = CarGame.app; sourceTree = BUILT_PRODUCTS_DIR; };
		6C233D491D2ECE3F00140E28 /* AppDelegate.swift */ = {isa = PBXFileReference; lastKnownFileType = sourcecode.swift; path = AppDelegate.swift; sourceTree = "<group>"; };
		6C233D4B1D2ECE3F00140E28 /* GameScene.sks */ = {isa = PBXFileReference; lastKnownFileType = file.sks; path = GameScene.sks; sourceTree = "<group>"; };
		6C233D4D1D2ECE3F00140E28 /* GameScene.swift */ = {isa = PBXFileReference; lastKnownFileType = sourcecode.swift; path = GameScene.swift; sourceTree = "<group>"; };
		6C233D4F1D2ECE3F00140E28 /* GameViewController.swift */ = {isa = PBXFileReference; lastKnownFileType = sourcecode.swift; path = GameViewController.swift; sourceTree = "<group>"; };
		6C233D521D2ECE3F00140E28 /* Base */ = {isa = PBXFileReference; lastKnownFileType = file.storyboard; name = Base; path = Base.lproj/Main.storyboard; sourceTree = "<group>"; };
		6C233D541D2ECE3F00140E28 /* Assets.xcassets */ = {isa = PBXFileReference; lastKnownFileType = folder.assetcatalog; path = Assets.xcassets; sourceTree = "<group>"; };
		6C233D571D2ECE3F00140E28 /* Base */ = {isa = PBXFileReference; lastKnownFileType = file.storyboard; name = Base; path = Base.lproj/LaunchScreen.storyboard; sourceTree = "<group>"; };
		6C233D591D2ECE3F00140E28 /* Info.plist */ = {isa = PBXFileReference; lastKnownFileType = text.plist.xml; path = Info.plist; sourceTree = "<group>"; };
		6C233D5E1D2ECE3F00140E28 /* CarGameTests.xctest */ = {isa = PBXFileReference; explicitFileType = wrapper.cfbundle; includeInIndex = 0; path = CarGameTests.xctest; sourceTree = BUILT_PRODUCTS_DIR; };
		6C233D621D2ECE3F00140E28 /* CarGameTests.swift */ = {isa = PBXFileReference; lastKnownFileType = sourcecode.swift; path = CarGameTests.swift; sourceTree = "<group>"; };
		6C233D641D2ECE3F00140E28 /* Info.plist */ = {isa = PBXFileReference; lastKnownFileType = text.plist.xml; path = Info.plist; sourceTree = "<group>"; };
		6C233D691D2ECE3F00140E28 /* CarGameUITests.xctest */ = {isa = PBXFileReference; explicitFileType = wrapper.cfbundle; includeInIndex = 0; path = CarGameUITests.xctest; sourceTree = BUILT_PRODUCTS_DIR; };
		6C233D6D1D2ECE3F00140E28 /* CarGameUITests.swift */ = {isa = PBXFileReference; lastKnownFileType = sourcecode.swift; path = CarGameUITests.swift; sourceTree = "<group>"; };
		6C233D6F1D2ECE3F00140E28 /* Info.plist */ = {isa = PBXFileReference; lastKnownFileType = text.plist.xml; path = Info.plist; sourceTree = "<group>"; };
		6C28C4051D2F0C6A00113ECC /* Star.png */ = {isa = PBXFileReference; lastKnownFileType = image.png; path = Star.png; sourceTree = "<group>"; };
		6C28C4071D2F0C7300113ECC /* TapToStart.png */ = {isa = PBXFileReference; lastKnownFileType = image.png; path = TapToStart.png; sourceTree = "<group>"; };
		6C28C4091D2F177B00113ECC /* GameObjectNode.swift */ = {isa = PBXFileReference; fileEncoding = 4; lastKnownFileType = sourcecode.swift; name = GameObjectNode.swift; path = ../GameObjectNode.swift; sourceTree = "<group>"; };
		6C2E8D121D36AA0E00B8B011 /* dungeon.atlas */ = {isa = PBXFileReference; lastKnownFileType = folder.skatlas; path = dungeon.atlas; sourceTree = "<group>"; };
		6C2EFB8D1D394EC6004546A3 /* sky.png */ = {isa = PBXFileReference; lastKnownFileType = image.png; path = sky.png; sourceTree = "<group>"; };
		6C2EFB8F1D394FE7004546A3 /* outsideDungeon.png */ = {isa = PBXFileReference; lastKnownFileType = image.png; path = outsideDungeon.png; sourceTree = "<group>"; };
		6C2EFB931D3955DE004546A3 /* outside.png */ = {isa = PBXFileReference; lastKnownFileType = image.png; path = outside.png; sourceTree = "<group>"; };
		6C3E7F8F1D3033AD000B8BE1 /* three.png */ = {isa = PBXFileReference; lastKnownFileType = image.png; path = three.png; sourceTree = "<group>"; };
		6C3E7F971D30478C000B8BE1 /* StarPing.wav */ = {isa = PBXFileReference; lastKnownFileType = audio.wav; path = StarPing.wav; sourceTree = "<group>"; };
		6C3E7F991D305FC5000B8BE1 /* CarGame-Bridging-Header.h */ = {isa = PBXFileReference; lastKnownFileType = sourcecode.c.h; path = "CarGame-Bridging-Header.h"; sourceTree = "<group>"; };
		6C8D57EC1D2ED1C1002C99F5 /* GameState.swift */ = {isa = PBXFileReference; fileEncoding = 4; lastKnownFileType = sourcecode.swift; path = GameState.swift; sourceTree = "<group>"; };
		6C8D57EE1D2ED1F2002C99F5 /* WhiteBlock.jpeg */ = {isa = PBXFileReference; lastKnownFileType = image.jpeg; path = WhiteBlock.jpeg; sourceTree = "<group>"; };
		6C8D57F01D2ED1F6002C99F5 /* DownnArrow.png */ = {isa = PBXFileReference; lastKnownFileType = image.png; path = DownnArrow.png; sourceTree = "<group>"; };
		6C8D57F21D2ED1FB002C99F5 /* RightArrow.png */ = {isa = PBXFileReference; lastKnownFileType = image.png; path = RightArrow.png; sourceTree = "<group>"; };
		6C8D57F41D2ED200002C99F5 /* UpArrow.png */ = {isa = PBXFileReference; lastKnownFileType = image.png; path = UpArrow.png; sourceTree = "<group>"; };
		6C8D57F61D2ED208002C99F5 /* Street.txt */ = {isa = PBXFileReference; fileEncoding = 4; lastKnownFileType = text; path = Street.txt; sourceTree = "<group>"; };
		6C8D57F81D2ED20E002C99F5 /* RedCar.png */ = {isa = PBXFileReference; lastKnownFileType = image.png; path = RedCar.png; sourceTree = "<group>"; };
		6CAF06E31D36C87000BD9404 /* SpeechBubble.png */ = {isa = PBXFileReference; lastKnownFileType = image.png; path = SpeechBubble.png; sourceTree = "<group>"; };
		6CAF06E51D36E1C900BD9404 /* NextScene.swift */ = {isa = PBXFileReference; fileEncoding = 4; lastKnownFileType = sourcecode.swift; name = NextScene.swift; path = ../NextScene.swift; sourceTree = "<group>"; };
		6CAF06E71D36E4F800BD9404 /* road.png */ = {isa = PBXFileReference; lastKnownFileType = image.png; path = road.png; sourceTree = "<group>"; };
		6CAF06E91D36E63300BD9404 /* drivingcar.png */ = {isa = PBXFileReference; lastKnownFileType = image.png; path = drivingcar.png; sourceTree = "<group>"; };
		6CAF06EB1D36E87600BD9404 /* car123.png */ = {isa = PBXFileReference; lastKnownFileType = image.png; path = car123.png; sourceTree = "<group>"; };
		6CAF06ED1D36F0A400BD9404 /* bubble.png */ = {isa = PBXFileReference; lastKnownFileType = image.png; path = bubble.png; sourceTree = "<group>"; };
		6CD398F71D32FEAE00110EDB /* EndGameScene.swift */ = {isa = PBXFileReference; fileEncoding = 4; lastKnownFileType = sourcecode.swift; name = EndGameScene.swift; path = ../EndGameScene.swift; sourceTree = "<group>"; };
		6CDD29A61D35604A009D375F /* Hallway.jpg */ = {isa = PBXFileReference; lastKnownFileType = image.jpeg; path = Hallway.jpg; sourceTree = "<group>"; };
		6CDD29A81D356053009D375F /* Villain.png */ = {isa = PBXFileReference; lastKnownFileType = image.png; path = Villain.png; sourceTree = "<group>"; };
		6CDD29AC1D35606B009D375F /* Hallway2.jpg */ = {isa = PBXFileReference; lastKnownFileType = image.jpeg; path = Hallway2.jpg; sourceTree = "<group>"; };
		6CDD29AE1D356074009D375F /* WindowHallway.jpg */ = {isa = PBXFileReference; lastKnownFileType = image.jpeg; path = WindowHallway.jpg; sourceTree = "<group>"; };
		6CDD51A61D36B38200B231B8 /* playerImages.atlas */ = {isa = PBXFileReference; lastKnownFileType = folder.skatlas; path = playerImages.atlas; sourceTree = "<group>"; };
		6CE4F8F41D37024C00649092 /* NextScene1.swift */ = {isa = PBXFileReference; fileEncoding = 4; lastKnownFileType = sourcecode.swift; name = NextScene1.swift; path = ../NextScene1.swift; sourceTree = "<group>"; };
		6CE4F8F61D3705A400649092 /* two.png */ = {isa = PBXFileReference; lastKnownFileType = image.png; path = two.png; sourceTree = "<group>"; };
		6CE4F8F81D3705EF00649092 /* one.png */ = {isa = PBXFileReference; lastKnownFileType = image.png; path = one.png; sourceTree = "<group>"; };
		6CE4F8FA1D37063300649092 /* four.png */ = {isa = PBXFileReference; lastKnownFileType = image.png; path = four.png; sourceTree = "<group>"; };
		6CE4F8FC1D37065A00649092 /* five.png */ = {isa = PBXFileReference; lastKnownFileType = image.png; path = five.png; sourceTree = "<group>"; };
		6CE4F9001D37099100649092 /* CongratulationsScene.swift */ = {isa = PBXFileReference; fileEncoding = 4; lastKnownFileType = sourcecode.swift; name = CongratulationsScene.swift; path = ../CongratulationsScene.swift; sourceTree = "<group>"; };
		6CF165971D3446E900E79A32 /* AnimationScene.swift */ = {isa = PBXFileReference; fileEncoding = 4; lastKnownFileType = sourcecode.swift; name = AnimationScene.swift; path = ../AnimationScene.swift; sourceTree = "<group>"; };
/* End PBXFileReference section */

/* Begin PBXFrameworksBuildPhase section */
		6C233D431D2ECE3F00140E28 /* Frameworks */ = {
			isa = PBXFrameworksBuildPhase;
			buildActionMask = 2147483647;
			files = (
			);
			runOnlyForDeploymentPostprocessing = 0;
		};
		6C233D5B1D2ECE3F00140E28 /* Frameworks */ = {
			isa = PBXFrameworksBuildPhase;
			buildActionMask = 2147483647;
			files = (
			);
			runOnlyForDeploymentPostprocessing = 0;
		};
		6C233D661D2ECE3F00140E28 /* Frameworks */ = {
			isa = PBXFrameworksBuildPhase;
			buildActionMask = 2147483647;
			files = (
			);
			runOnlyForDeploymentPostprocessing = 0;
		};
/* End PBXFrameworksBuildPhase section */

/* Begin PBXGroup section */
		6C233D3D1D2ECE3F00140E28 = {
			isa = PBXGroup;
			children = (
				6C233D481D2ECE3F00140E28 /* CarGame */,
				6C233D611D2ECE3F00140E28 /* CarGameTests */,
				6C233D6C1D2ECE3F00140E28 /* CarGameUITests */,
				6C233D471D2ECE3F00140E28 /* Products */,
				6C3E7F991D305FC5000B8BE1 /* CarGame-Bridging-Header.h */,
			);
			sourceTree = "<group>";
		};
		6C233D471D2ECE3F00140E28 /* Products */ = {
			isa = PBXGroup;
			children = (
				6C233D461D2ECE3F00140E28 /* CarGame.app */,
				6C233D5E1D2ECE3F00140E28 /* CarGameTests.xctest */,
				6C233D691D2ECE3F00140E28 /* CarGameUITests.xctest */,
			);
			name = Products;
			sourceTree = "<group>";
		};
		6C233D481D2ECE3F00140E28 /* CarGame */ = {
			isa = PBXGroup;
			children = (
				6C233D491D2ECE3F00140E28 /* AppDelegate.swift */,
				6CD398F71D32FEAE00110EDB /* EndGameScene.swift */,
				6CE4F9001D37099100649092 /* CongratulationsScene.swift */,
				6CE4F8F41D37024C00649092 /* NextScene1.swift */,
				6CAF06E51D36E1C900BD9404 /* NextScene.swift */,
				6C233D4D1D2ECE3F00140E28 /* GameScene.swift */,
				6CF165971D3446E900E79A32 /* AnimationScene.swift */,
				6CDD29AE1D356074009D375F /* WindowHallway.jpg */,
				6CAF06EB1D36E87600BD9404 /* car123.png */,
				6CAF06E31D36C87000BD9404 /* SpeechBubble.png */,
				6C2EFB931D3955DE004546A3 /* outside.png */,
				6CAF06ED1D36F0A400BD9404 /* bubble.png */,
				6C2EFB8F1D394FE7004546A3 /* outsideDungeon.png */,
				6C2EFB8D1D394EC6004546A3 /* sky.png */,
				6CAF06E71D36E4F800BD9404 /* road.png */,
				6CAF06E91D36E63300BD9404 /* drivingcar.png */,
				6C1FFA7E1D3AB5220022D553 /* villainFalling.atlas  */,
				6C1FFA781D3988900022D553 /* villainThrowing.atlas */,
				6C1FFA761D3987090022D553 /* heroImages.atlas */,
				6CDD51A61D36B38200B231B8 /* playerImages.atlas */,
				6C2E8D121D36AA0E00B8B011 /* dungeon.atlas */,
				6CDD29A61D35604A009D375F /* Hallway.jpg */,
				6CDD29AC1D35606B009D375F /* Hallway2.jpg */,
				6CDD29A81D356053009D375F /* Villain.png */,
				6C233D4B1D2ECE3F00140E28 /* GameScene.sks */,
				6C28C4091D2F177B00113ECC /* GameObjectNode.swift */,
				6C8D57EC1D2ED1C1002C99F5 /* GameState.swift */,
				6C233D4F1D2ECE3F00140E28 /* GameViewController.swift */,
				6C8D57EE1D2ED1F2002C99F5 /* WhiteBlock.jpeg */,
				6C8D57F01D2ED1F6002C99F5 /* DownnArrow.png */,
				6C8D57F21D2ED1FB002C99F5 /* RightArrow.png */,
				6C8D57F41D2ED200002C99F5 /* UpArrow.png */,
				6C28C4071D2F0C7300113ECC /* TapToStart.png */,
				6CE4F8F81D3705EF00649092 /* one.png */,
				6CE4F8F61D3705A400649092 /* two.png */,
				6C3E7F971D30478C000B8BE1 /* StarPing.wav */,
				6C3E7F8F1D3033AD000B8BE1 /* three.png */,
				6CE4F8FA1D37063300649092 /* four.png */,
				6CE4F8FC1D37065A00649092 /* five.png */,
				6C28C4051D2F0C6A00113ECC /* Star.png */,
				6C8D57F61D2ED208002C99F5 /* Street.txt */,
				6C8D57F81D2ED20E002C99F5 /* RedCar.png */,
				6C233D511D2ECE3F00140E28 /* Main.storyboard */,
				6C233D541D2ECE3F00140E28 /* Assets.xcassets */,
				6C233D561D2ECE3F00140E28 /* LaunchScreen.storyboard */,
				6C233D591D2ECE3F00140E28 /* Info.plist */,
			);
			path = CarGame;
			sourceTree = "<group>";
		};
		6C233D611D2ECE3F00140E28 /* CarGameTests */ = {
			isa = PBXGroup;
			children = (
				6C233D621D2ECE3F00140E28 /* CarGameTests.swift */,
				6C233D641D2ECE3F00140E28 /* Info.plist */,
			);
			path = CarGameTests;
			sourceTree = "<group>";
		};
		6C233D6C1D2ECE3F00140E28 /* CarGameUITests */ = {
			isa = PBXGroup;
			children = (
				6C233D6D1D2ECE3F00140E28 /* CarGameUITests.swift */,
				6C233D6F1D2ECE3F00140E28 /* Info.plist */,
			);
			path = CarGameUITests;
			sourceTree = "<group>";
		};
/* End PBXGroup section */

/* Begin PBXNativeTarget section */
		6C233D451D2ECE3F00140E28 /* CarGame */ = {
			isa = PBXNativeTarget;
			buildConfigurationList = 6C233D721D2ECE3F00140E28 /* Build configuration list for PBXNativeTarget "CarGame" */;
			buildPhases = (
				6C233D421D2ECE3F00140E28 /* Sources */,
				6C233D431D2ECE3F00140E28 /* Frameworks */,
				6C233D441D2ECE3F00140E28 /* Resources */,
			);
			buildRules = (
			);
			dependencies = (
			);
			name = CarGame;
			productName = CarGame;
			productReference = 6C233D461D2ECE3F00140E28 /* CarGame.app */;
			productType = "com.apple.product-type.application";
		};
		6C233D5D1D2ECE3F00140E28 /* CarGameTests */ = {
			isa = PBXNativeTarget;
			buildConfigurationList = 6C233D751D2ECE3F00140E28 /* Build configuration list for PBXNativeTarget "CarGameTests" */;
			buildPhases = (
				6C233D5A1D2ECE3F00140E28 /* Sources */,
				6C233D5B1D2ECE3F00140E28 /* Frameworks */,
				6C233D5C1D2ECE3F00140E28 /* Resources */,
			);
			buildRules = (
			);
			dependencies = (
				6C233D601D2ECE3F00140E28 /* PBXTargetDependency */,
			);
			name = CarGameTests;
			productName = CarGameTests;
			productReference = 6C233D5E1D2ECE3F00140E28 /* CarGameTests.xctest */;
			productType = "com.apple.product-type.bundle.unit-test";
		};
		6C233D681D2ECE3F00140E28 /* CarGameUITests */ = {
			isa = PBXNativeTarget;
			buildConfigurationList = 6C233D781D2ECE3F00140E28 /* Build configuration list for PBXNativeTarget "CarGameUITests" */;
			buildPhases = (
				6C233D651D2ECE3F00140E28 /* Sources */,
				6C233D661D2ECE3F00140E28 /* Frameworks */,
				6C233D671D2ECE3F00140E28 /* Resources */,
			);
			buildRules = (
			);
			dependencies = (
				6C233D6B1D2ECE3F00140E28 /* PBXTargetDependency */,
			);
			name = CarGameUITests;
			productName = CarGameUITests;
			productReference = 6C233D691D2ECE3F00140E28 /* CarGameUITests.xctest */;
			productType = "com.apple.product-type.bundle.ui-testing";
		};
/* End PBXNativeTarget section */

/* Begin PBXProject section */
		6C233D3E1D2ECE3F00140E28 /* Project object */ = {
			isa = PBXProject;
			attributes = {
				LastSwiftUpdateCheck = 0730;
				LastUpgradeCheck = 0730;
				ORGANIZATIONNAME = "John Kriston";
				TargetAttributes = {
					6C233D451D2ECE3F00140E28 = {
						CreatedOnToolsVersion = 7.3.1;
					};
					6C233D5D1D2ECE3F00140E28 = {
						CreatedOnToolsVersion = 7.3.1;
						TestTargetID = 6C233D451D2ECE3F00140E28;
					};
					6C233D681D2ECE3F00140E28 = {
						CreatedOnToolsVersion = 7.3.1;
						TestTargetID = 6C233D451D2ECE3F00140E28;
					};
				};
			};
			buildConfigurationList = 6C233D411D2ECE3F00140E28 /* Build configuration list for PBXProject "CarGame" */;
			compatibilityVersion = "Xcode 3.2";
			developmentRegion = English;
			hasScannedForEncodings = 0;
			knownRegions = (
				en,
				Base,
			);
			mainGroup = 6C233D3D1D2ECE3F00140E28;
			productRefGroup = 6C233D471D2ECE3F00140E28 /* Products */;
			projectDirPath = "";
			projectRoot = "";
			targets = (
				6C233D451D2ECE3F00140E28 /* CarGame */,
				6C233D5D1D2ECE3F00140E28 /* CarGameTests */,
				6C233D681D2ECE3F00140E28 /* CarGameUITests */,
			);
		};
/* End PBXProject section */

/* Begin PBXResourcesBuildPhase section */
		6C233D441D2ECE3F00140E28 /* Resources */ = {
			isa = PBXResourcesBuildPhase;
			buildActionMask = 2147483647;
			files = (
				6C2E8D131D36AA0E00B8B011 /* dungeon.atlas in Resources */,
				6C3E7F981D30478C000B8BE1 /* StarPing.wav in Resources */,
				6CAF06E81D36E4F800BD9404 /* road.png in Resources */,
				6CAF06E41D36C87000BD9404 /* SpeechBubble.png in Resources */,
				6C28C4061D2F0C6A00113ECC /* Star.png in Resources */,
				6CE4F8F91D3705EF00649092 /* one.png in Resources */,
				6C233D4C1D2ECE3F00140E28 /* GameScene.sks in Resources */,
				6C8D57F31D2ED1FB002C99F5 /* RightArrow.png in Resources */,
				6C233D581D2ECE3F00140E28 /* LaunchScreen.storyboard in Resources */,
				6C8D57F11D2ED1F7002C99F5 /* DownnArrow.png in Resources */,
				6C1FFA771D3987090022D553 /* heroImages.atlas in Resources */,
				6CE4F8FD1D37065A00649092 /* five.png in Resources */,
				6CE4F8FB1D37063300649092 /* four.png in Resources */,
				6C2EFB8E1D394EC6004546A3 /* sky.png in Resources */,
				6C2EFB941D3955DE004546A3 /* outside.png in Resources */,
				6CDD51A71D36B38200B231B8 /* playerImages.atlas in Resources */,
				6C233D551D2ECE3F00140E28 /* Assets.xcassets in Resources */,
				6CDD29AD1D35606B009D375F /* Hallway2.jpg in Resources */,
				6C8D57EF1D2ED1F2002C99F5 /* WhiteBlock.jpeg in Resources */,
				6C2EFB901D394FE7004546A3 /* outsideDungeon.png in Resources */,
				6CAF06EE1D36F0A400BD9404 /* bubble.png in Resources */,
				6C1FFA791D3988900022D553 /* villainThrowing.atlas in Resources */,
				6CDD29A71D35604A009D375F /* Hallway.jpg in Resources */,
				6C1FFA7F1D3AB5220022D553 /* villainFalling.atlas  in Resources */,
				6CDD29A91D356053009D375F /* Villain.png in Resources */,
				6C8D57F51D2ED200002C99F5 /* UpArrow.png in Resources */,
				6C233D531D2ECE3F00140E28 /* Main.storyboard in Resources */,
				6CDD29AF1D356074009D375F /* WindowHallway.jpg in Resources */,
				6C8D57F91D2ED20E002C99F5 /* RedCar.png in Resources */,
				6C8D57F71D2ED208002C99F5 /* Street.txt in Resources */,
				6CE4F8F71D3705A400649092 /* two.png in Resources */,
				6C28C4081D2F0C7300113ECC /* TapToStart.png in Resources */,
				6CAF06EC1D36E87600BD9404 /* car123.png in Resources */,
				6CAF06EA1D36E63300BD9404 /* drivingcar.png in Resources */,
				6C3E7F901D3033AD000B8BE1 /* three.png in Resources */,
			);
			runOnlyForDeploymentPostprocessing = 0;
		};
		6C233D5C1D2ECE3F00140E28 /* Resources */ = {
			isa = PBXResourcesBuildPhase;
			buildActionMask = 2147483647;
			files = (
			);
			runOnlyForDeploymentPostprocessing = 0;
		};
		6C233D671D2ECE3F00140E28 /* Resources */ = {
			isa = PBXResourcesBuildPhase;
			buildActionMask = 2147483647;
			files = (
			);
			runOnlyForDeploymentPostprocessing = 0;
		};
/* End PBXResourcesBuildPhase section */

/* Begin PBXSourcesBuildPhase section */
		6C233D421D2ECE3F00140E28 /* Sources */ = {
			isa = PBXSourcesBuildPhase;
			buildActionMask = 2147483647;
			files = (
				6CF165981D3446E900E79A32 /* AnimationScene.swift in Sources */,
				6C28C40A1D2F177B00113ECC /* GameObjectNode.swift in Sources */,
				6C233D4E1D2ECE3F00140E28 /* GameScene.swift in Sources */,
				6C8D57ED1D2ED1C1002C99F5 /* GameState.swift in Sources */,
				6C233D501D2ECE3F00140E28 /* GameViewController.swift in Sources */,
				6CD398F81D32FEAE00110EDB /* EndGameScene.swift in Sources */,
				6CE4F8F51D37024C00649092 /* NextScene1.swift in Sources */,
				6C233D4A1D2ECE3F00140E28 /* AppDelegate.swift in Sources */,
				6CE4F9011D37099100649092 /* CongratulationsScene.swift in Sources */,
				6CAF06E61D36E1C900BD9404 /* NextScene.swift in Sources */,
			);
			runOnlyForDeploymentPostprocessing = 0;
		};
		6C233D5A1D2ECE3F00140E28 /* Sources */ = {
			isa = PBXSourcesBuildPhase;
			buildActionMask = 2147483647;
			files = (
				6C233D631D2ECE3F00140E28 /* CarGameTests.swift in Sources */,
			);
			runOnlyForDeploymentPostprocessing = 0;
		};
		6C233D651D2ECE3F00140E28 /* Sources */ = {
			isa = PBXSourcesBuildPhase;
			buildActionMask = 2147483647;
			files = (
				6C233D6E1D2ECE3F00140E28 /* CarGameUITests.swift in Sources */,
			);
			runOnlyForDeploymentPostprocessing = 0;
		};
/* End PBXSourcesBuildPhase section */

/* Begin PBXTargetDependency section */
		6C233D601D2ECE3F00140E28 /* PBXTargetDependency */ = {
			isa = PBXTargetDependency;
			target = 6C233D451D2ECE3F00140E28 /* CarGame */;
			targetProxy = 6C233D5F1D2ECE3F00140E28 /* PBXContainerItemProxy */;
		};
		6C233D6B1D2ECE3F00140E28 /* PBXTargetDependency */ = {
			isa = PBXTargetDependency;
			target = 6C233D451D2ECE3F00140E28 /* CarGame */;
			targetProxy = 6C233D6A1D2ECE3F00140E28 /* PBXContainerItemProxy */;
		};
/* End PBXTargetDependency section */

/* Begin PBXVariantGroup section */
		6C233D511D2ECE3F00140E28 /* Main.storyboard */ = {
			isa = PBXVariantGroup;
			children = (
				6C233D521D2ECE3F00140E28 /* Base */,
			);
			name = Main.storyboard;
			sourceTree = "<group>";
		};
		6C233D561D2ECE3F00140E28 /* LaunchScreen.storyboard */ = {
			isa = PBXVariantGroup;
			children = (
				6C233D571D2ECE3F00140E28 /* Base */,
			);
			name = LaunchScreen.storyboard;
			sourceTree = "<group>";
		};
/* End PBXVariantGroup section */

/* Begin XCBuildConfiguration section */
		6C233D701D2ECE3F00140E28 /* Debug */ = {
			isa = XCBuildConfiguration;
			buildSettings = {
				ALWAYS_SEARCH_USER_PATHS = NO;
				CLANG_ANALYZER_NONNULL = YES;
				CLANG_CXX_LANGUAGE_STANDARD = "gnu++0x";
				CLANG_CXX_LIBRARY = "libc++";
				CLANG_ENABLE_MODULES = YES;
				CLANG_ENABLE_OBJC_ARC = YES;
				CLANG_WARN_BOOL_CONVERSION = YES;
				CLANG_WARN_CONSTANT_CONVERSION = YES;
				CLANG_WARN_DIRECT_OBJC_ISA_USAGE = YES_ERROR;
				CLANG_WARN_EMPTY_BODY = YES;
				CLANG_WARN_ENUM_CONVERSION = YES;
				CLANG_WARN_INT_CONVERSION = YES;
				CLANG_WARN_OBJC_ROOT_CLASS = YES_ERROR;
				CLANG_WARN_UNREACHABLE_CODE = YES;
				CLANG_WARN__DUPLICATE_METHOD_MATCH = YES;
				"CODE_SIGN_IDENTITY[sdk=iphoneos*]" = "iPhone Developer";
				COPY_PHASE_STRIP = NO;
				DEBUG_INFORMATION_FORMAT = "dwarf-with-dsym";
				ENABLE_STRICT_OBJC_MSGSEND = YES;
				ENABLE_TESTABILITY = YES;
				GCC_C_LANGUAGE_STANDARD = gnu99;
				GCC_DYNAMIC_NO_PIC = NO;
				GCC_NO_COMMON_BLOCKS = YES;
				GCC_OPTIMIZATION_LEVEL = 0;
				GCC_PREPROCESSOR_DEFINITIONS = (
					"DEBUG=1",
					"$(inherited)",
				);
				GCC_WARN_64_TO_32_BIT_CONVERSION = YES;
				GCC_WARN_ABOUT_RETURN_TYPE = YES_ERROR;
				GCC_WARN_UNDECLARED_SELECTOR = YES;
				GCC_WARN_UNINITIALIZED_AUTOS = YES_AGGRESSIVE;
				GCC_WARN_UNUSED_FUNCTION = YES;
				GCC_WARN_UNUSED_VARIABLE = YES;
				IPHONEOS_DEPLOYMENT_TARGET = 9.3;
				MTL_ENABLE_DEBUG_INFO = YES;
				ONLY_ACTIVE_ARCH = YES;
				SDKROOT = iphoneos;
				SWIFT_OPTIMIZATION_LEVEL = "-Onone";
			};
			name = Debug;
		};
		6C233D711D2ECE3F00140E28 /* Release */ = {
			isa = XCBuildConfiguration;
			buildSettings = {
				ALWAYS_SEARCH_USER_PATHS = NO;
				CLANG_ANALYZER_NONNULL = YES;
				CLANG_CXX_LANGUAGE_STANDARD = "gnu++0x";
				CLANG_CXX_LIBRARY = "libc++";
				CLANG_ENABLE_MODULES = YES;
				CLANG_ENABLE_OBJC_ARC = YES;
				CLANG_WARN_BOOL_CONVERSION = YES;
				CLANG_WARN_CONSTANT_CONVERSION = YES;
				CLANG_WARN_DIRECT_OBJC_ISA_USAGE = YES_ERROR;
				CLANG_WARN_EMPTY_BODY = YES;
				CLANG_WARN_ENUM_CONVERSION = YES;
				CLANG_WARN_INT_CONVERSION = YES;
				CLANG_WARN_OBJC_ROOT_CLASS = YES_ERROR;
				CLANG_WARN_UNREACHABLE_CODE = YES;
				CLANG_WARN__DUPLICATE_METHOD_MATCH = YES;
				"CODE_SIGN_IDENTITY[sdk=iphoneos*]" = "iPhone Developer";
				COPY_PHASE_STRIP = NO;
				DEBUG_INFORMATION_FORMAT = "dwarf-with-dsym";
				ENABLE_NS_ASSERTIONS = NO;
				ENABLE_STRICT_OBJC_MSGSEND = YES;
				GCC_C_LANGUAGE_STANDARD = gnu99;
				GCC_NO_COMMON_BLOCKS = YES;
				GCC_WARN_64_TO_32_BIT_CONVERSION = YES;
				GCC_WARN_ABOUT_RETURN_TYPE = YES_ERROR;
				GCC_WARN_UNDECLARED_SELECTOR = YES;
				GCC_WARN_UNINITIALIZED_AUTOS = YES_AGGRESSIVE;
				GCC_WARN_UNUSED_FUNCTION = YES;
				GCC_WARN_UNUSED_VARIABLE = YES;
				IPHONEOS_DEPLOYMENT_TARGET = 9.3;
				MTL_ENABLE_DEBUG_INFO = NO;
				SDKROOT = iphoneos;
				VALIDATE_PRODUCT = YES;
			};
			name = Release;
		};
		6C233D731D2ECE3F00140E28 /* Debug */ = {
			isa = XCBuildConfiguration;
			buildSettings = {
				ASSETCATALOG_COMPILER_APPICON_NAME = AppIcon;
				CLANG_ENABLE_MODULES = YES;
				INFOPLIST_FILE = CarGame/Info.plist;
				LD_RUNPATH_SEARCH_PATHS = "$(inherited) @executable_path/Frameworks";
				PRODUCT_BUNDLE_IDENTIFIER = com.codepath.CarGame;
				PRODUCT_NAME = "$(TARGET_NAME)";
				SWIFT_OBJC_BRIDGING_HEADER = "CarGame-Bridging-Header.h";
				SWIFT_OPTIMIZATION_LEVEL = "-Onone";
			};
			name = Debug;
		};
		6C233D741D2ECE3F00140E28 /* Release */ = {
			isa = XCBuildConfiguration;
			buildSettings = {
				ASSETCATALOG_COMPILER_APPICON_NAME = AppIcon;
				CLANG_ENABLE_MODULES = YES;
				INFOPLIST_FILE = CarGame/Info.plist;
				LD_RUNPATH_SEARCH_PATHS = "$(inherited) @executable_path/Frameworks";
				PRODUCT_BUNDLE_IDENTIFIER = com.codepath.CarGame;
				PRODUCT_NAME = "$(TARGET_NAME)";
				SWIFT_OBJC_BRIDGING_HEADER = "CarGame-Bridging-Header.h";
			};
			name = Release;
		};
		6C233D761D2ECE3F00140E28 /* Debug */ = {
			isa = XCBuildConfiguration;
			buildSettings = {
				BUNDLE_LOADER = "$(TEST_HOST)";
				DEBUG_INFORMATION_FORMAT = dwarf;
				INFOPLIST_FILE = CarGameTests/Info.plist;
				LD_RUNPATH_SEARCH_PATHS = "$(inherited) @executable_path/Frameworks @loader_path/Frameworks";
				PRODUCT_BUNDLE_IDENTIFIER = com.codepath.CarGameTests;
				PRODUCT_NAME = "$(TARGET_NAME)";
				TEST_HOST = "$(BUILT_PRODUCTS_DIR)/CarGame.app/CarGame";
			};
			name = Debug;
		};
		6C233D771D2ECE3F00140E28 /* Release */ = {
			isa = XCBuildConfiguration;
			buildSettings = {
				BUNDLE_LOADER = "$(TEST_HOST)";
				INFOPLIST_FILE = CarGameTests/Info.plist;
				LD_RUNPATH_SEARCH_PATHS = "$(inherited) @executable_path/Frameworks @loader_path/Frameworks";
				PRODUCT_BUNDLE_IDENTIFIER = com.codepath.CarGameTests;
				PRODUCT_NAME = "$(TARGET_NAME)";
				TEST_HOST = "$(BUILT_PRODUCTS_DIR)/CarGame.app/CarGame";
			};
			name = Release;
		};
		6C233D791D2ECE3F00140E28 /* Debug */ = {
			isa = XCBuildConfiguration;
			buildSettings = {
				DEBUG_INFORMATION_FORMAT = dwarf;
				INFOPLIST_FILE = CarGameUITests/Info.plist;
				LD_RUNPATH_SEARCH_PATHS = "$(inherited) @executable_path/Frameworks @loader_path/Frameworks";
				PRODUCT_BUNDLE_IDENTIFIER = com.codepath.CarGameUITests;
				PRODUCT_NAME = "$(TARGET_NAME)";
				TEST_TARGET_NAME = CarGame;
			};
			name = Debug;
		};
		6C233D7A1D2ECE3F00140E28 /* Release */ = {
			isa = XCBuildConfiguration;
			buildSettings = {
				INFOPLIST_FILE = CarGameUITests/Info.plist;
				LD_RUNPATH_SEARCH_PATHS = "$(inherited) @executable_path/Frameworks @loader_path/Frameworks";
				PRODUCT_BUNDLE_IDENTIFIER = com.codepath.CarGameUITests;
				PRODUCT_NAME = "$(TARGET_NAME)";
				TEST_TARGET_NAME = CarGame;
			};
			name = Release;
		};
/* End XCBuildConfiguration section */

/* Begin XCConfigurationList section */
		6C233D411D2ECE3F00140E28 /* Build configuration list for PBXProject "CarGame" */ = {
			isa = XCConfigurationList;
			buildConfigurations = (
				6C233D701D2ECE3F00140E28 /* Debug */,
				6C233D711D2ECE3F00140E28 /* Release */,
			);
			defaultConfigurationIsVisible = 0;
			defaultConfigurationName = Release;
		};
		6C233D721D2ECE3F00140E28 /* Build configuration list for PBXNativeTarget "CarGame" */ = {
			isa = XCConfigurationList;
			buildConfigurations = (
				6C233D731D2ECE3F00140E28 /* Debug */,
				6C233D741D2ECE3F00140E28 /* Release */,
			);
			defaultConfigurationIsVisible = 0;
			defaultConfigurationName = Release;
		};
		6C233D751D2ECE3F00140E28 /* Build configuration list for PBXNativeTarget "CarGameTests" */ = {
			isa = XCConfigurationList;
			buildConfigurations = (
				6C233D761D2ECE3F00140E28 /* Debug */,
				6C233D771D2ECE3F00140E28 /* Release */,
			);
			defaultConfigurationIsVisible = 0;
			defaultConfigurationName = Release;
		};
		6C233D781D2ECE3F00140E28 /* Build configuration list for PBXNativeTarget "CarGameUITests" */ = {
			isa = XCConfigurationList;
			buildConfigurations = (
				6C233D791D2ECE3F00140E28 /* Debug */,
				6C233D7A1D2ECE3F00140E28 /* Release */,
			);
			defaultConfigurationIsVisible = 0;
			defaultConfigurationName = Release;
		};
/* End XCConfigurationList section */
	};
	rootObject = 6C233D3E1D2ECE3F00140E28 /* Project object */;
}
